// !$*UTF8*$!
{
	archiveVersion = 1;
	classes = {
	};
	objectVersion = 46;
	objects = {

/* Begin PBXBuildFile section */
		985CADFD1C174FA000C66EDB /* main.m in Sources */ = {isa = PBXBuildFile; fileRef = 985CADFC1C174FA000C66EDB /* main.m */; };
		985CAE001C174FA000C66EDB /* AppDelegate.m in Sources */ = {isa = PBXBuildFile; fileRef = 985CADFF1C174FA000C66EDB /* AppDelegate.m */; };
		985CAE031C174FA000C66EDB /* ViewController.m in Sources */ = {isa = PBXBuildFile; fileRef = 985CAE021C174FA000C66EDB /* ViewController.m */; };
		985CAE061C174FA000C66EDB /* Main.storyboard in Resources */ = {isa = PBXBuildFile; fileRef = 985CAE041C174FA000C66EDB /* Main.storyboard */; };
		985CAE081C174FA000C66EDB /* Assets.xcassets in Resources */ = {isa = PBXBuildFile; fileRef = 985CAE071C174FA000C66EDB /* Assets.xcassets */; };
		985CAE0B1C174FA000C66EDB /* LaunchScreen.storyboard in Resources */ = {isa = PBXBuildFile; fileRef = 985CAE091C174FA000C66EDB /* LaunchScreen.storyboard */; };
/* End PBXBuildFile section */

/* Begin PBXFileReference section */
		985CADF81C174FA000C66EDB /* Testapp.app */ = {isa = PBXFileReference; explicitFileType = wrapper.application; includeInIndex = 0; path = Testapp.app; sourceTree = BUILT_PRODUCTS_DIR; };
		985CADFC1C174FA000C66EDB /* main.m */ = {isa = PBXFileReference; lastKnownFileType = sourcecode.c.objc; path = main.m; sourceTree = "<group>"; };
		985CADFE1C174FA000C66EDB /* AppDelegate.h */ = {isa = PBXFileReference; lastKnownFileType = sourcecode.c.h; path = AppDelegate.h; sourceTree = "<group>"; };
		985CADFF1C174FA000C66EDB /* AppDelegate.m */ = {isa = PBXFileReference; lastKnownFileType = sourcecode.c.objc; path = AppDelegate.m; sourceTree = "<group>"; };
		985CAE011C174FA000C66EDB /* ViewController.h */ = {isa = PBXFileReference; lastKnownFileType = sourcecode.c.h; path = ViewController.h; sourceTree = "<group>"; };
		985CAE021C174FA000C66EDB /* ViewController.m */ = {isa = PBXFileReference; lastKnownFileType = sourcecode.c.objc; path = ViewController.m; sourceTree = "<group>"; };
		985CAE051C174FA000C66EDB /* Base */ = {isa = PBXFileReference; lastKnownFileType = file.storyboard; name = Base; path = Base.lproj/Main.storyboard; sourceTree = "<group>"; };
		985CAE071C174FA000C66EDB /* Assets.xcassets */ = {isa = PBXFileReference; lastKnownFileType = folder.assetcatalog; path = Assets.xcassets; sourceTree = "<group>"; };
		985CAE0A1C174FA000C66EDB /* Base */ = {isa = PBXFileReference; lastKnownFileType = file.storyboard; name = Base; path = Base.lproj/LaunchScreen.storyboard; sourceTree = "<group>"; };
		985CAE0C1C174FA000C66EDB /* Info.plist */ = {isa = PBXFileReference; lastKnownFileType = text.plist.xml; path = Info.plist; sourceTree = "<group>"; };
/* End PBXFileReference section */

/* Begin PBXFrameworksBuildPhase section */
		985CADF51C174FA000C66EDB /* Frameworks */ = {
			isa = PBXFrameworksBuildPhase;
			buildActionMask = 2147483647;
			files = (
			);
			runOnlyForDeploymentPostprocessing = 0;
		};
/* End PBXFrameworksBuildPhase section */

/* Begin PBXGroup section */
		985CADEF1C174FA000C66EDB = {
			isa = PBXGroup;
			children = (
				985CADFA1C174FA000C66EDB /* Testapp */,
				985CADF91C174FA000C66EDB /* Products */,
			);
			sourceTree = "<group>";
		};
		985CADF91C174FA000C66EDB /* Products */ = {
			isa = PBXGroup;
			children = (
				985CADF81C174FA000C66EDB /* Testapp.app */,
			);
			name = Products;
			sourceTree = "<group>";
		};
		985CADFA1C174FA000C66EDB /* Testapp */ = {
			isa = PBXGroup;
			children = (
				985CADFE1C174FA000C66EDB /* AppDelegate.h */,
				985CADFF1C174FA000C66EDB /* AppDelegate.m */,
				985CAE011C174FA000C66EDB /* ViewController.h */,
				985CAE021C174FA000C66EDB /* ViewController.m */,
				985CAE041C174FA000C66EDB /* Main.storyboard */,
				985CAE071C174FA000C66EDB /* Assets.xcassets */,
				985CAE091C174FA000C66EDB /* LaunchScreen.storyboard */,
				985CAE0C1C174FA000C66EDB /* Info.plist */,
				985CADFB1C174FA000C66EDB /* Supporting Files */,
			);
			path = Testapp;
			sourceTree = "<group>";
		};
		985CADFB1C174FA000C66EDB /* Supporting Files */ = {
			isa = PBXGroup;
			children = (
				985CADFC1C174FA000C66EDB /* main.m */,
			);
			name = "Supporting Files";
			sourceTree = "<group>";
		};
/* End PBXGroup section */

/* Begin PBXNativeTarget section */
		985CADF71C174FA000C66EDB /* Testapp */ = {
			isa = PBXNativeTarget;
			buildConfigurationList = 985CAE0F1C174FA000C66EDB /* Build configuration list for PBXNativeTarget "Testapp" */;
			buildPhases = (
				985CADF41C174FA000C66EDB /* Sources */,
				985CADF51C174FA000C66EDB /* Frameworks */,
				985CADF61C174FA000C66EDB /* Resources */,
			);
			buildRules = (
			);
			dependencies = (
			);
			name = Testapp;
			productName = Testapp;
			productReference = 985CADF81C174FA000C66EDB /* Testapp.app */;
			productType = "com.apple.product-type.application";
		};
/* End PBXNativeTarget section */

/* Begin PBXProject section */
		985CADF01C174FA000C66EDB /* Project object */ = {
			isa = PBXProject;
			attributes = {
				LastUpgradeCheck = 0710;
				ORGANIZATIONNAME = "Nikita Zhuk Consulting";
				TargetAttributes = {
					985CADF71C174FA000C66EDB = {
						CreatedOnToolsVersion = 7.1.1;
					};
				};
			};
			buildConfigurationList = 985CADF31C174FA000C66EDB /* Build configuration list for PBXProject "Testapp" */;
			compatibilityVersion = "Xcode 3.2";
			developmentRegion = English;
			hasScannedForEncodings = 0;
			knownRegions = (
				en,
				Base,
			);
			mainGroup = 985CADEF1C174FA000C66EDB;
			productRefGroup = 985CADF91C174FA000C66EDB /* Products */;
			projectDirPath = "";
			projectRoot = "";
			targets = (
				985CADF71C174FA000C66EDB /* Testapp */,
			);
		};
/* End PBXProject section */

/* Begin PBXResourcesBuildPhase section */
		985CADF61C174FA000C66EDB /* Resources */ = {
			isa = PBXResourcesBuildPhase;
			buildActionMask = 2147483647;
			files = (
				985CAE0B1C174FA000C66EDB /* LaunchScreen.storyboard in Resources */,
				985CAE081C174FA000C66EDB /* Assets.xcassets in Resources */,
				985CAE061C174FA000C66EDB /* Main.storyboard in Resources */,
			);
			runOnlyForDeploymentPostprocessing = 0;
		};
/* End PBXResourcesBuildPhase section */

/* Begin PBXSourcesBuildPhase section */
		985CADF41C174FA000C66EDB /* Sources */ = {
			isa = PBXSourcesBuildPhase;
			buildActionMask = 2147483647;
			files = (
				985CAE031C174FA000C66EDB /* ViewController.m in Sources */,
				985CAE001C174FA000C66EDB /* AppDelegate.m in Sources */,
				985CADFD1C174FA000C66EDB /* main.m in Sources */,
			);
			runOnlyForDeploymentPostprocessing = 0;
		};
/* End PBXSourcesBuildPhase section */

/* Begin PBXVariantGroup section */
		985CAE041C174FA000C66EDB /* Main.storyboard */ = {
			isa = PBXVariantGroup;
			children = (
				985CAE051C174FA000C66EDB /* Base */,
			);
			name = Main.storyboard;
			sourceTree = "<group>";
		};
		985CAE091C174FA000C66EDB /* LaunchScreen.storyboard */ = {
			isa = PBXVariantGroup;
			children = (
				985CAE0A1C174FA000C66EDB /* Base */,
			);
			name = LaunchScreen.storyboard;
			sourceTree = "<group>";
		};
/* End PBXVariantGroup section */

/* Begin XCBuildConfiguration section */
		985CAE0D1C174FA000C66EDB /* Debug */ = {
			isa = XCBuildConfiguration;
			buildSettings = {
				ALWAYS_SEARCH_USER_PATHS = NO;
				CLANG_CXX_LANGUAGE_STANDARD = "gnu++0x";
				CLANG_CXX_LIBRARY = "libc++";
				CLANG_ENABLE_MODULES = YES;
				CLANG_ENABLE_OBJC_ARC = YES;
				CLANG_WARN_BOOL_CONVERSION = YES;
				CLANG_WARN_CONSTANT_CONVERSION = YES;
				CLANG_WARN_DIRECT_OBJC_ISA_USAGE = YES_ERROR;
				CLANG_WARN_EMPTY_BODY = YES;
				CLANG_WARN_ENUM_CONVERSION = YES;
				CLANG_WARN_INT_CONVERSION = YES;
				CLANG_WARN_OBJC_ROOT_CLASS = YES_ERROR;
				CLANG_WARN_UNREACHABLE_CODE = YES;
				CLANG_WARN__DUPLICATE_METHOD_MATCH = YES;
				"CODE_SIGN_IDENTITY[sdk=iphoneos*]" = "iPhone Developer";
				COPY_PHASE_STRIP = NO;
				DEBUG_INFORMATION_FORMAT = dwarf;
				ENABLE_STRICT_OBJC_MSGSEND = YES;
				ENABLE_TESTABILITY = YES;
				GCC_C_LANGUAGE_STANDARD = gnu99;
				GCC_DYNAMIC_NO_PIC = NO;
				GCC_NO_COMMON_BLOCKS = YES;
				GCC_OPTIMIZATION_LEVEL = 0;
				GCC_PREPROCESSOR_DEFINITIONS = (
					"DEBUG=1",
					"$(inherited)",
				);
				GCC_WARN_64_TO_32_BIT_CONVERSION = YES;
				GCC_WARN_ABOUT_RETURN_TYPE = YES_ERROR;
				GCC_WARN_UNDECLARED_SELECTOR = YES;
				GCC_WARN_UNINITIALIZED_AUTOS = YES_AGGRESSIVE;
				GCC_WARN_UNUSED_FUNCTION = YES;
				GCC_WARN_UNUSED_VARIABLE = YES;
				IPHONEOS_DEPLOYMENT_TARGET = 9.1;
				MTL_ENABLE_DEBUG_INFO = YES;
				ONLY_ACTIVE_ARCH = YES;
				SDKROOT = iphoneos;
			};
			name = Debug;
		};
		985CAE0E1C174FA000C66EDB /* Release */ = {
			isa = XCBuildConfiguration;
			buildSettings = {
				ALWAYS_SEARCH_USER_PATHS = NO;
				CLANG_CXX_LANGUAGE_STANDARD = "gnu++0x";
				CLANG_CXX_LIBRARY = "libc++";
				CLANG_ENABLE_MODULES = YES;
				CLANG_ENABLE_OBJC_ARC = YES;
				CLANG_WARN_BOOL_CONVERSION = YES;
				CLANG_WARN_CONSTANT_CONVERSION = YES;
				CLANG_WARN_DIRECT_OBJC_ISA_USAGE = YES_ERROR;
				CLANG_WARN_EMPTY_BODY = YES;
				CLANG_WARN_ENUM_CONVERSION = YES;
				CLANG_WARN_INT_CONVERSION = YES;
				CLANG_WARN_OBJC_ROOT_CLASS = YES_ERROR;
				CLANG_WARN_UNREACHABLE_CODE = YES;
				CLANG_WARN__DUPLICATE_METHOD_MATCH = YES;
				"CODE_SIGN_IDENTITY[sdk=iphoneos*]" = "iPhone Developer";
				COPY_PHASE_STRIP = NO;
				DEBUG_INFORMATION_FORMAT = "dwarf-with-dsym";
				ENABLE_NS_ASSERTIONS = NO;
				ENABLE_STRICT_OBJC_MSGSEND = YES;
				GCC_C_LANGUAGE_STANDARD = gnu99;
				GCC_NO_COMMON_BLOCKS = YES;
				GCC_WARN_64_TO_32_BIT_CONVERSION = YES;
				GCC_WARN_ABOUT_RETURN_TYPE = YES_ERROR;
				GCC_WARN_UNDECLARED_SELECTOR = YES;
				GCC_WARN_UNINITIALIZED_AUTOS = YES_AGGRESSIVE;
				GCC_WARN_UNUSED_FUNCTION = YES;
				GCC_WARN_UNUSED_VARIABLE = YES;
				IPHONEOS_DEPLOYMENT_TARGET = 9.1;
				MTL_ENABLE_DEBUG_INFO = NO;
				SDKROOT = iphoneos;
				VALIDATE_PRODUCT = YES;
			};
			name = Release;
		};
		985CAE101C174FA000C66EDB /* Debug */ = {
			isa = XCBuildConfiguration;
			buildSettings = {
				ASSETCATALOG_COMPILER_APPICON_NAME = AppIcon;
				INFOPLIST_FILE = Testapp/Info.plist;
				LD_RUNPATH_SEARCH_PATHS = "$(inherited) @executable_path/Frameworks";
				PRODUCT_BUNDLE_IDENTIFIER = fi.zhuk.Testapp;
				PRODUCT_NAME = "$(TARGET_NAME)";
			};
			name = Debug;
		};
		985CAE111C174FA000C66EDB /* Release */ = {
			isa = XCBuildConfiguration;
			buildSettings = {
				ASSETCATALOG_COMPILER_APPICON_NAME = AppIcon;
				INFOPLIST_FILE = Testapp/Info.plist;
				LD_RUNPATH_SEARCH_PATHS = "$(inherited) @executable_path/Frameworks";
				PRODUCT_BUNDLE_IDENTIFIER = fi.zhuk.Testapp;
				PRODUCT_NAME = "$(TARGET_NAME)";
			};
			name = Release;
		};
/* End XCBuildConfiguration section */

/* Begin XCConfigurationList section */
		985CADF31C174FA000C66EDB /* Build configuration list for PBXProject "Testapp" */ = {
			isa = XCConfigurationList;
			buildConfigurations = (
				985CAE0D1C174FA000C66EDB /* Debug */,
				985CAE0E1C174FA000C66EDB /* Release */,
			);
			defaultConfigurationIsVisible = 0;
			defaultConfigurationName = Release;
		};
		985CAE0F1C174FA000C66EDB /* Build configuration list for PBXNativeTarget "Testapp" */ = {
			isa = XCConfigurationList;
			buildConfigurations = (
				985CAE101C174FA000C66EDB /* Debug */,
				985CAE111C174FA000C66EDB /* Release */,
			);
			defaultConfigurationIsVisible = 0;
		};
/* End XCConfigurationList section */
	};
	rootObject = 985CADF01C174FA000C66EDB /* Project object */;
}
