// !$*UTF8*$!
{
	archiveVersion = 1;
	classes = {
	};
	objectVersion = 46;
	objects = {

/* Begin PBXBuildFile section */
		989AD74C1C1CBED1008DF982 /* main.m in Sources */ = {isa = PBXBuildFile; fileRef = 989AD74B1C1CBED1008DF982 /* main.m */; };
		989AD74F1C1CBED1008DF982 /* AppDelegate.m in Sources */ = {isa = PBXBuildFile; fileRef = 989AD74E1C1CBED1008DF982 /* AppDelegate.m */; };
		989AD7521C1CBED1008DF982 /* ViewController.m in Sources */ = {isa = PBXBuildFile; fileRef = 989AD7511C1CBED1008DF982 /* ViewController.m */; };
		989AD7551C1CBED1008DF982 /* Main.storyboard in Resources */ = {isa = PBXBuildFile; fileRef = 989AD7531C1CBED1008DF982 /* Main.storyboard */; };
		989AD7571C1CBED1008DF982 /* Assets.xcassets in Resources */ = {isa = PBXBuildFile; fileRef = 989AD7561C1CBED1008DF982 /* Assets.xcassets */; };
		989AD75A1C1CBED1008DF982 /* LaunchScreen.storyboard in Resources */ = {isa = PBXBuildFile; fileRef = 989AD7581C1CBED1008DF982 /* LaunchScreen.storyboard */; };
		989AD7651C1CBED1008DF982 /* WorkoutPlannerTests.m in Sources */ = {isa = PBXBuildFile; fileRef = 989AD7641C1CBED1008DF982 /* WorkoutPlannerTests.m */; };
		989AD7701C1CBED1008DF982 /* WorkoutPlannerUITests.m in Sources */ = {isa = PBXBuildFile; fileRef = 989AD76F1C1CBED1008DF982 /* WorkoutPlannerUITests.m */; };
		989AD77F1C1CBEEC008DF982 /* Workout.m in Sources */ = {isa = PBXBuildFile; fileRef = 989AD77E1C1CBEEC008DF982 /* Workout.m */; };
		989AD7801C1CBEEC008DF982 /* Workout.m in Sources */ = {isa = PBXBuildFile; fileRef = 989AD77E1C1CBEEC008DF982 /* Workout.m */; };
		989AD7811C1CBEEC008DF982 /* Workout.m in Sources */ = {isa = PBXBuildFile; fileRef = 989AD77E1C1CBEEC008DF982 /* Workout.m */; };
/* End PBXBuildFile section */

/* Begin PBXContainerItemProxy section */
		989AD7611C1CBED1008DF982 /* PBXContainerItemProxy */ = {
			isa = PBXContainerItemProxy;
			containerPortal = 989AD73F1C1CBED1008DF982 /* Project object */;
			proxyType = 1;
			remoteGlobalIDString = 989AD7461C1CBED1008DF982;
			remoteInfo = WorkoutPlanner;
		};
		989AD76C1C1CBED1008DF982 /* PBXContainerItemProxy */ = {
			isa = PBXContainerItemProxy;
			containerPortal = 989AD73F1C1CBED1008DF982 /* Project object */;
			proxyType = 1;
			remoteGlobalIDString = 989AD7461C1CBED1008DF982;
			remoteInfo = WorkoutPlanner;
		};
/* End PBXContainerItemProxy section */

/* Begin PBXFileReference section */
		989AD7471C1CBED1008DF982 /* WorkoutPlanner.app */ = {isa = PBXFileReference; explicitFileType = wrapper.application; includeInIndex = 0; path = WorkoutPlanner.app; sourceTree = BUILT_PRODUCTS_DIR; };
		989AD74B1C1CBED1008DF982 /* main.m */ = {isa = PBXFileReference; lastKnownFileType = sourcecode.c.objc; path = main.m; sourceTree = "<group>"; };
		989AD74D1C1CBED1008DF982 /* AppDelegate.h */ = {isa = PBXFileReference; lastKnownFileType = sourcecode.c.h; path = AppDelegate.h; sourceTree = "<group>"; };
		989AD74E1C1CBED1008DF982 /* AppDelegate.m */ = {isa = PBXFileReference; lastKnownFileType = sourcecode.c.objc; path = AppDelegate.m; sourceTree = "<group>"; };
		989AD7501C1CBED1008DF982 /* ViewController.h */ = {isa = PBXFileReference; lastKnownFileType = sourcecode.c.h; path = ViewController.h; sourceTree = "<group>"; };
		989AD7511C1CBED1008DF982 /* ViewController.m */ = {isa = PBXFileReference; lastKnownFileType = sourcecode.c.objc; path = ViewController.m; sourceTree = "<group>"; };
		989AD7541C1CBED1008DF982 /* Base */ = {isa = PBXFileReference; lastKnownFileType = file.storyboard; name = Base; path = Base.lproj/Main.storyboard; sourceTree = "<group>"; };
		989AD7561C1CBED1008DF982 /* Assets.xcassets */ = {isa = PBXFileReference; lastKnownFileType = folder.assetcatalog; path = Assets.xcassets; sourceTree = "<group>"; };
		989AD7591C1CBED1008DF982 /* Base */ = {isa = PBXFileReference; lastKnownFileType = file.storyboard; name = Base; path = Base.lproj/LaunchScreen.storyboard; sourceTree = "<group>"; };
		989AD75B1C1CBED1008DF982 /* Info.plist */ = {isa = PBXFileReference; lastKnownFileType = text.plist.xml; path = Info.plist; sourceTree = "<group>"; };
		989AD7601C1CBED1008DF982 /* WorkoutPlannerTests.xctest */ = {isa = PBXFileReference; explicitFileType = wrapper.cfbundle; includeInIndex = 0; path = WorkoutPlannerTests.xctest; sourceTree = BUILT_PRODUCTS_DIR; };
		989AD7641C1CBED1008DF982 /* WorkoutPlannerTests.m */ = {isa = PBXFileReference; lastKnownFileType = sourcecode.c.objc; path = WorkoutPlannerTests.m; sourceTree = "<group>"; };
		989AD7661C1CBED1008DF982 /* Info.plist */ = {isa = PBXFileReference; lastKnownFileType = text.plist.xml; path = Info.plist; sourceTree = "<group>"; };
		989AD76B1C1CBED1008DF982 /* WorkoutPlannerUITests.xctest */ = {isa = PBXFileReference; explicitFileType = wrapper.cfbundle; includeInIndex = 0; path = WorkoutPlannerUITests.xctest; sourceTree = BUILT_PRODUCTS_DIR; };
		989AD76F1C1CBED1008DF982 /* WorkoutPlannerUITests.m */ = {isa = PBXFileReference; lastKnownFileType = sourcecode.c.objc; path = WorkoutPlannerUITests.m; sourceTree = "<group>"; };
		989AD7711C1CBED1008DF982 /* Info.plist */ = {isa = PBXFileReference; lastKnownFileType = text.plist.xml; path = Info.plist; sourceTree = "<group>"; };
		989AD77D1C1CBEEC008DF982 /* Workout.h */ = {isa = PBXFileReference; fileEncoding = 4; lastKnownFileType = sourcecode.c.h; path = Workout.h; sourceTree = "<group>"; };
		989AD77E1C1CBEEC008DF982 /* Workout.m */ = {isa = PBXFileReference; fileEncoding = 4; lastKnownFileType = sourcecode.c.objc; path = Workout.m; sourceTree = "<group>"; };
/* End PBXFileReference section */

/* Begin PBXFrameworksBuildPhase section */
		989AD7441C1CBED1008DF982 /* Frameworks */ = {
			isa = PBXFrameworksBuildPhase;
			buildActionMask = 2147483647;
			files = (
			);
			runOnlyForDeploymentPostprocessing = 0;
		};
		989AD75D1C1CBED1008DF982 /* Frameworks */ = {
			isa = PBXFrameworksBuildPhase;
			buildActionMask = 2147483647;
			files = (
			);
			runOnlyForDeploymentPostprocessing = 0;
		};
		989AD7681C1CBED1008DF982 /* Frameworks */ = {
			isa = PBXFrameworksBuildPhase;
			buildActionMask = 2147483647;
			files = (
			);
			runOnlyForDeploymentPostprocessing = 0;
		};
/* End PBXFrameworksBuildPhase section */

/* Begin PBXGroup section */
		989AD73E1C1CBED1008DF982 = {
			isa = PBXGroup;
			children = (
				989AD7491C1CBED1008DF982 /* WorkoutPlanner */,
				989AD7631C1CBED1008DF982 /* WorkoutPlannerTests */,
				989AD76E1C1CBED1008DF982 /* WorkoutPlannerUITests */,
				989AD7481C1CBED1008DF982 /* Products */,
			);
			sourceTree = "<group>";
		};
		989AD7481C1CBED1008DF982 /* Products */ = {
			isa = PBXGroup;
			children = (
				989AD7471C1CBED1008DF982 /* WorkoutPlanner.app */,
				989AD7601C1CBED1008DF982 /* WorkoutPlannerTests.xctest */,
				989AD76B1C1CBED1008DF982 /* WorkoutPlannerUITests.xctest */,
			);
			name = Products;
			sourceTree = "<group>";
		};
		989AD7491C1CBED1008DF982 /* WorkoutPlanner */ = {
			isa = PBXGroup;
			children = (
				989AD74D1C1CBED1008DF982 /* AppDelegate.h */,
				989AD74E1C1CBED1008DF982 /* AppDelegate.m */,
				989AD7501C1CBED1008DF982 /* ViewController.h */,
				989AD7511C1CBED1008DF982 /* ViewController.m */,
				989AD77D1C1CBEEC008DF982 /* Workout.h */,
				989AD77E1C1CBEEC008DF982 /* Workout.m */,
				989AD7531C1CBED1008DF982 /* Main.storyboard */,
				989AD7561C1CBED1008DF982 /* Assets.xcassets */,
				989AD7581C1CBED1008DF982 /* LaunchScreen.storyboard */,
				989AD75B1C1CBED1008DF982 /* Info.plist */,
				989AD74A1C1CBED1008DF982 /* Supporting Files */,
			);
			path = WorkoutPlanner;
			sourceTree = "<group>";
		};
		989AD74A1C1CBED1008DF982 /* Supporting Files */ = {
			isa = PBXGroup;
			children = (
				989AD74B1C1CBED1008DF982 /* main.m */,
			);
			name = "Supporting Files";
			sourceTree = "<group>";
		};
		989AD7631C1CBED1008DF982 /* WorkoutPlannerTests */ = {
			isa = PBXGroup;
			children = (
				989AD7641C1CBED1008DF982 /* WorkoutPlannerTests.m */,
				989AD7661C1CBED1008DF982 /* Info.plist */,
			);
			path = WorkoutPlannerTests;
			sourceTree = "<group>";
		};
		989AD76E1C1CBED1008DF982 /* WorkoutPlannerUITests */ = {
			isa = PBXGroup;
			children = (
				989AD76F1C1CBED1008DF982 /* WorkoutPlannerUITests.m */,
				989AD7711C1CBED1008DF982 /* Info.plist */,
			);
			path = WorkoutPlannerUITests;
			sourceTree = "<group>";
		};
/* End PBXGroup section */

/* Begin PBXNativeTarget section */
		989AD7461C1CBED1008DF982 /* WorkoutPlanner */ = {
			isa = PBXNativeTarget;
			buildConfigurationList = 989AD7741C1CBED1008DF982 /* Build configuration list for PBXNativeTarget "WorkoutPlanner" */;
			buildPhases = (
				989AD7431C1CBED1008DF982 /* Sources */,
				989AD7441C1CBED1008DF982 /* Frameworks */,
				989AD7451C1CBED1008DF982 /* Resources */,
			);
			buildRules = (
			);
			dependencies = (
			);
			name = WorkoutPlanner;
			productName = WorkoutPlanner;
			productReference = 989AD7471C1CBED1008DF982 /* WorkoutPlanner.app */;
			productType = "com.apple.product-type.application";
		};
		989AD75F1C1CBED1008DF982 /* WorkoutPlannerTests */ = {
			isa = PBXNativeTarget;
			buildConfigurationList = 989AD7771C1CBED1008DF982 /* Build configuration list for PBXNativeTarget "WorkoutPlannerTests" */;
			buildPhases = (
				989AD75C1C1CBED1008DF982 /* Sources */,
				989AD75D1C1CBED1008DF982 /* Frameworks */,
				989AD75E1C1CBED1008DF982 /* Resources */,
			);
			buildRules = (
			);
			dependencies = (
				989AD7621C1CBED1008DF982 /* PBXTargetDependency */,
			);
			name = WorkoutPlannerTests;
			productName = WorkoutPlannerTests;
			productReference = 989AD7601C1CBED1008DF982 /* WorkoutPlannerTests.xctest */;
			productType = "com.apple.product-type.bundle.unit-test";
		};
		989AD76A1C1CBED1008DF982 /* WorkoutPlannerUITests */ = {
			isa = PBXNativeTarget;
			buildConfigurationList = 989AD77A1C1CBED1008DF982 /* Build configuration list for PBXNativeTarget "WorkoutPlannerUITests" */;
			buildPhases = (
				989AD7671C1CBED1008DF982 /* Sources */,
				989AD7681C1CBED1008DF982 /* Frameworks */,
				989AD7691C1CBED1008DF982 /* Resources */,
			);
			buildRules = (
			);
			dependencies = (
				989AD76D1C1CBED1008DF982 /* PBXTargetDependency */,
			);
			name = WorkoutPlannerUITests;
			productName = WorkoutPlannerUITests;
			productReference = 989AD76B1C1CBED1008DF982 /* WorkoutPlannerUITests.xctest */;
			productType = "com.apple.product-type.bundle.ui-testing";
		};
/* End PBXNativeTarget section */

/* Begin PBXProject section */
		989AD73F1C1CBED1008DF982 /* Project object */ = {
			isa = PBXProject;
			attributes = {
				LastUpgradeCheck = 0720;
				ORGANIZATIONNAME = "Nikita Zhuk Consulting";
				TargetAttributes = {
					989AD7461C1CBED1008DF982 = {
						CreatedOnToolsVersion = 7.2;
					};
					989AD75F1C1CBED1008DF982 = {
						CreatedOnToolsVersion = 7.2;
						TestTargetID = 989AD7461C1CBED1008DF982;
					};
					989AD76A1C1CBED1008DF982 = {
						CreatedOnToolsVersion = 7.2;
						TestTargetID = 989AD7461C1CBED1008DF982;
					};
				};
			};
			buildConfigurationList = 989AD7421C1CBED1008DF982 /* Build configuration list for PBXProject "WorkoutPlanner" */;
			compatibilityVersion = "Xcode 3.2";
			developmentRegion = English;
			hasScannedForEncodings = 0;
			knownRegions = (
				en,
				Base,
			);
			mainGroup = 989AD73E1C1CBED1008DF982;
			productRefGroup = 989AD7481C1CBED1008DF982 /* Products */;
			projectDirPath = "";
			projectRoot = "";
			targets = (
				989AD7461C1CBED1008DF982 /* WorkoutPlanner */,
				989AD75F1C1CBED1008DF982 /* WorkoutPlannerTests */,
				989AD76A1C1CBED1008DF982 /* WorkoutPlannerUITests */,
			);
		};
/* End PBXProject section */

/* Begin PBXResourcesBuildPhase section */
		989AD7451C1CBED1008DF982 /* Resources */ = {
			isa = PBXResourcesBuildPhase;
			buildActionMask = 2147483647;
			files = (
				989AD75A1C1CBED1008DF982 /* LaunchScreen.storyboard in Resources */,
				989AD7571C1CBED1008DF982 /* Assets.xcassets in Resources */,
				989AD7551C1CBED1008DF982 /* Main.storyboard in Resources */,
			);
			runOnlyForDeploymentPostprocessing = 0;
		};
		989AD75E1C1CBED1008DF982 /* Resources */ = {
			isa = PBXResourcesBuildPhase;
			buildActionMask = 2147483647;
			files = (
			);
			runOnlyForDeploymentPostprocessing = 0;
		};
		989AD7691C1CBED1008DF982 /* Resources */ = {
			isa = PBXResourcesBuildPhase;
			buildActionMask = 2147483647;
			files = (
			);
			runOnlyForDeploymentPostprocessing = 0;
		};
/* End PBXResourcesBuildPhase section */

/* Begin PBXSourcesBuildPhase section */
		989AD7431C1CBED1008DF982 /* Sources */ = {
			isa = PBXSourcesBuildPhase;
			buildActionMask = 2147483647;
			files = (
				989AD7521C1CBED1008DF982 /* ViewController.m in Sources */,
				989AD74F1C1CBED1008DF982 /* AppDelegate.m in Sources */,
				989AD74C1C1CBED1008DF982 /* main.m in Sources */,
				989AD77F1C1CBEEC008DF982 /* Workout.m in Sources */,
			);
			runOnlyForDeploymentPostprocessing = 0;
		};
		989AD75C1C1CBED1008DF982 /* Sources */ = {
			isa = PBXSourcesBuildPhase;
			buildActionMask = 2147483647;
			files = (
				989AD7651C1CBED1008DF982 /* WorkoutPlannerTests.m in Sources */,
				989AD7801C1CBEEC008DF982 /* Workout.m in Sources */,
			);
			runOnlyForDeploymentPostprocessing = 0;
		};
		989AD7671C1CBED1008DF982 /* Sources */ = {
			isa = PBXSourcesBuildPhase;
			buildActionMask = 2147483647;
			files = (
				989AD7701C1CBED1008DF982 /* WorkoutPlannerUITests.m in Sources */,
				989AD7811C1CBEEC008DF982 /* Workout.m in Sources */,
			);
			runOnlyForDeploymentPostprocessing = 0;
		};
/* End PBXSourcesBuildPhase section */

/* Begin PBXTargetDependency section */
		989AD7621C1CBED1008DF982 /* PBXTargetDependency */ = {
			isa = PBXTargetDependency;
			target = 989AD7461C1CBED1008DF982 /* WorkoutPlanner */;
			targetProxy = 989AD7611C1CBED1008DF982 /* PBXContainerItemProxy */;
		};
		989AD76D1C1CBED1008DF982 /* PBXTargetDependency */ = {
			isa = PBXTargetDependency;
			target = 989AD7461C1CBED1008DF982 /* WorkoutPlanner */;
			targetProxy = 989AD76C1C1CBED1008DF982 /* PBXContainerItemProxy */;
		};
/* End PBXTargetDependency section */

/* Begin PBXVariantGroup section */
		989AD7531C1CBED1008DF982 /* Main.storyboard */ = {
			isa = PBXVariantGroup;
			children = (
				989AD7541C1CBED1008DF982 /* Base */,
			);
			name = Main.storyboard;
			sourceTree = "<group>";
		};
		989AD7581C1CBED1008DF982 /* LaunchScreen.storyboard */ = {
			isa = PBXVariantGroup;
			children = (
				989AD7591C1CBED1008DF982 /* Base */,
			);
			name = LaunchScreen.storyboard;
			sourceTree = "<group>";
		};
/* End PBXVariantGroup section */

/* Begin XCBuildConfiguration section */
		989AD7721C1CBED1008DF982 /* Debug */ = {
			isa = XCBuildConfiguration;
			buildSettings = {
				ALWAYS_SEARCH_USER_PATHS = NO;
				CLANG_CXX_LANGUAGE_STANDARD = "gnu++0x";
				CLANG_CXX_LIBRARY = "libc++";
				CLANG_ENABLE_MODULES = YES;
				CLANG_ENABLE_OBJC_ARC = YES;
				CLANG_WARN_BOOL_CONVERSION = YES;
				CLANG_WARN_CONSTANT_CONVERSION = YES;
				CLANG_WARN_DIRECT_OBJC_ISA_USAGE = YES_ERROR;
				CLANG_WARN_EMPTY_BODY = YES;
				CLANG_WARN_ENUM_CONVERSION = YES;
				CLANG_WARN_INT_CONVERSION = YES;
				CLANG_WARN_OBJC_ROOT_CLASS = YES_ERROR;
				CLANG_WARN_UNREACHABLE_CODE = YES;
				CLANG_WARN__DUPLICATE_METHOD_MATCH = YES;
				"CODE_SIGN_IDENTITY[sdk=iphoneos*]" = "iPhone Developer";
				COPY_PHASE_STRIP = NO;
				DEBUG_INFORMATION_FORMAT = dwarf;
				ENABLE_STRICT_OBJC_MSGSEND = YES;
				ENABLE_TESTABILITY = YES;
				GCC_C_LANGUAGE_STANDARD = gnu99;
				GCC_DYNAMIC_NO_PIC = NO;
				GCC_NO_COMMON_BLOCKS = YES;
				GCC_OPTIMIZATION_LEVEL = 0;
				GCC_PREPROCESSOR_DEFINITIONS = (
					"DEBUG=1",
					"$(inherited)",
				);
				GCC_WARN_64_TO_32_BIT_CONVERSION = YES;
				GCC_WARN_ABOUT_RETURN_TYPE = YES_ERROR;
				GCC_WARN_UNDECLARED_SELECTOR = YES;
				GCC_WARN_UNINITIALIZED_AUTOS = YES_AGGRESSIVE;
				GCC_WARN_UNUSED_FUNCTION = YES;
				GCC_WARN_UNUSED_VARIABLE = YES;
				IPHONEOS_DEPLOYMENT_TARGET = 9.2;
				MTL_ENABLE_DEBUG_INFO = YES;
				ONLY_ACTIVE_ARCH = YES;
				SDKROOT = iphoneos;
			};
			name = Debug;
		};
		989AD7731C1CBED1008DF982 /* Release */ = {
			isa = XCBuildConfiguration;
			buildSettings = {
				ALWAYS_SEARCH_USER_PATHS = NO;
				CLANG_CXX_LANGUAGE_STANDARD = "gnu++0x";
				CLANG_CXX_LIBRARY = "libc++";
				CLANG_ENABLE_MODULES = YES;
				CLANG_ENABLE_OBJC_ARC = YES;
				CLANG_WARN_BOOL_CONVERSION = YES;
				CLANG_WARN_CONSTANT_CONVERSION = YES;
				CLANG_WARN_DIRECT_OBJC_ISA_USAGE = YES_ERROR;
				CLANG_WARN_EMPTY_BODY = YES;
				CLANG_WARN_ENUM_CONVERSION = YES;
				CLANG_WARN_INT_CONVERSION = YES;
				CLANG_WARN_OBJC_ROOT_CLASS = YES_ERROR;
				CLANG_WARN_UNREACHABLE_CODE = YES;
				CLANG_WARN__DUPLICATE_METHOD_MATCH = YES;
				"CODE_SIGN_IDENTITY[sdk=iphoneos*]" = "iPhone Developer";
				COPY_PHASE_STRIP = NO;
				DEBUG_INFORMATION_FORMAT = "dwarf-with-dsym";
				ENABLE_NS_ASSERTIONS = NO;
				ENABLE_STRICT_OBJC_MSGSEND = YES;
				GCC_C_LANGUAGE_STANDARD = gnu99;
				GCC_NO_COMMON_BLOCKS = YES;
				GCC_WARN_64_TO_32_BIT_CONVERSION = YES;
				GCC_WARN_ABOUT_RETURN_TYPE = YES_ERROR;
				GCC_WARN_UNDECLARED_SELECTOR = YES;
				GCC_WARN_UNINITIALIZED_AUTOS = YES_AGGRESSIVE;
				GCC_WARN_UNUSED_FUNCTION = YES;
				GCC_WARN_UNUSED_VARIABLE = YES;
				IPHONEOS_DEPLOYMENT_TARGET = 9.2;
				MTL_ENABLE_DEBUG_INFO = NO;
				SDKROOT = iphoneos;
				VALIDATE_PRODUCT = YES;
			};
			name = Release;
		};
		989AD7751C1CBED1008DF982 /* Debug */ = {
			isa = XCBuildConfiguration;
			buildSettings = {
				ASSETCATALOG_COMPILER_APPICON_NAME = AppIcon;
				INFOPLIST_FILE = WorkoutPlanner/Info.plist;
				LD_RUNPATH_SEARCH_PATHS = "$(inherited) @executable_path/Frameworks";
				PRODUCT_BUNDLE_IDENTIFIER = fi.zhuk.WorkoutPlanner;
				PRODUCT_NAME = "$(TARGET_NAME)";
			};
			name = Debug;
		};
		989AD7761C1CBED1008DF982 /* Release */ = {
			isa = XCBuildConfiguration;
			buildSettings = {
				ASSETCATALOG_COMPILER_APPICON_NAME = AppIcon;
				INFOPLIST_FILE = WorkoutPlanner/Info.plist;
				LD_RUNPATH_SEARCH_PATHS = "$(inherited) @executable_path/Frameworks";
				PRODUCT_BUNDLE_IDENTIFIER = fi.zhuk.WorkoutPlanner;
				PRODUCT_NAME = "$(TARGET_NAME)";
			};
			name = Release;
		};
		989AD7781C1CBED1008DF982 /* Debug */ = {
			isa = XCBuildConfiguration;
			buildSettings = {
				BUNDLE_LOADER = "$(TEST_HOST)";
				INFOPLIST_FILE = WorkoutPlannerTests/Info.plist;
				LD_RUNPATH_SEARCH_PATHS = "$(inherited) @executable_path/Frameworks @loader_path/Frameworks";
				PRODUCT_BUNDLE_IDENTIFIER = fi.zhuk.WorkoutPlannerTests;
				PRODUCT_NAME = "$(TARGET_NAME)";
				TEST_HOST = "$(BUILT_PRODUCTS_DIR)/WorkoutPlanner.app/WorkoutPlanner";
			};
			name = Debug;
		};
		989AD7791C1CBED1008DF982 /* Release */ = {
			isa = XCBuildConfiguration;
			buildSettings = {
				BUNDLE_LOADER = "$(TEST_HOST)";
				INFOPLIST_FILE = WorkoutPlannerTests/Info.plist;
				LD_RUNPATH_SEARCH_PATHS = "$(inherited) @executable_path/Frameworks @loader_path/Frameworks";
				PRODUCT_BUNDLE_IDENTIFIER = fi.zhuk.WorkoutPlannerTests;
				PRODUCT_NAME = "$(TARGET_NAME)";
				TEST_HOST = "$(BUILT_PRODUCTS_DIR)/WorkoutPlanner.app/WorkoutPlanner";
			};
			name = Release;
		};
		989AD77B1C1CBED1008DF982 /* Debug */ = {
			isa = XCBuildConfiguration;
			buildSettings = {
				INFOPLIST_FILE = WorkoutPlannerUITests/Info.plist;
				LD_RUNPATH_SEARCH_PATHS = "$(inherited) @executable_path/Frameworks @loader_path/Frameworks";
				PRODUCT_BUNDLE_IDENTIFIER = fi.zhuk.WorkoutPlannerUITests;
				PRODUCT_NAME = "$(TARGET_NAME)";
				TEST_TARGET_NAME = WorkoutPlanner;
				USES_XCTRUNNER = YES;
			};
			name = Debug;
		};
		989AD77C1C1CBED1008DF982 /* Release */ = {
			isa = XCBuildConfiguration;
			buildSettings = {
				INFOPLIST_FILE = WorkoutPlannerUITests/Info.plist;
				LD_RUNPATH_SEARCH_PATHS = "$(inherited) @executable_path/Frameworks @loader_path/Frameworks";
				PRODUCT_BUNDLE_IDENTIFIER = fi.zhuk.WorkoutPlannerUITests;
				PRODUCT_NAME = "$(TARGET_NAME)";
				TEST_TARGET_NAME = WorkoutPlanner;
				USES_XCTRUNNER = YES;
			};
			name = Release;
		};
/* End XCBuildConfiguration section */

/* Begin XCConfigurationList section */
		989AD7421C1CBED1008DF982 /* Build configuration list for PBXProject "WorkoutPlanner" */ = {
			isa = XCConfigurationList;
			buildConfigurations = (
				989AD7721C1CBED1008DF982 /* Debug */,
				989AD7731C1CBED1008DF982 /* Release */,
			);
			defaultConfigurationIsVisible = 0;
			defaultConfigurationName = Release;
		};
		989AD7741C1CBED1008DF982 /* Build configuration list for PBXNativeTarget "WorkoutPlanner" */ = {
			isa = XCConfigurationList;
			buildConfigurations = (
				989AD7751C1CBED1008DF982 /* Debug */,
				989AD7761C1CBED1008DF982 /* Release */,
			);
			defaultConfigurationIsVisible = 0;
		};
		989AD7771C1CBED1008DF982 /* Build configuration list for PBXNativeTarget "WorkoutPlannerTests" */ = {
			isa = XCConfigurationList;
			buildConfigurations = (
				989AD7781C1CBED1008DF982 /* Debug */,
				989AD7791C1CBED1008DF982 /* Release */,
			);
			defaultConfigurationIsVisible = 0;
		};
		989AD77A1C1CBED1008DF982 /* Build configuration list for PBXNativeTarget "WorkoutPlannerUITests" */ = {
			isa = XCConfigurationList;
			buildConfigurations = (
				989AD77B1C1CBED1008DF982 /* Debug */,
				989AD77C1C1CBED1008DF982 /* Release */,
			);
			defaultConfigurationIsVisible = 0;
		};
/* End XCConfigurationList section */
	};
	rootObject = 989AD73F1C1CBED1008DF982 /* Project object */;
}
